
Microsoft Visual Studio Solution File, Format Version 12.00
# Visual Studio Version 16
VisualStudioVersion = 16.0.30717.126
MinimumVisualStudioVersion = 10.0.40219.1
Project("{2150E333-8FDC-42A3-9474-1A3956D46DE8}") = "Services", "Services", "{81E45E97-14E0-4A67-BB5E-B178D368D659}"
EndProject
Project("{2150E333-8FDC-42A3-9474-1A3956D46DE8}") = "Catalog", "Catalog", "{35EFB181-0083-4D81-8A0C-DE71092F2CA4}"
EndProject
Project("{9A19103F-16F7-4668-BE54-9A1E7A4F7556}") = "Catalog.API", "Services\Catalog\Catalog.API\Catalog.API.csproj", "{DC6C0510-674A-471B-ADA4-55D31EB78294}"
EndProject
Project("{E53339B2-1760-4266-BCC7-CA923CBCF16C}") = "docker-compose", "docker-compose.dcproj", "{10E42CD5-2422-40ED-BF83-5D77AE2EA2BC}"
EndProject
Project("{2150E333-8FDC-42A3-9474-1A3956D46DE8}") = "Basket", "Basket", "{FE4F7CDA-02A9-43D2-B4BE-6C9D3A18318B}"
EndProject
Project("{9A19103F-16F7-4668-BE54-9A1E7A4F7556}") = "Basket.API", "Services\Basket\Basket.API\Basket.API.csproj", "{13CC34B5-CAD0-4047-A0AF-6240E61A34FE}"
EndProject
Project("{2150E333-8FDC-42A3-9474-1A3956D46DE8}") = "Discount", "Discount", "{F2A745BD-1E77-40D1-A778-A1BB6954014B}"
EndProject
Project("{9A19103F-16F7-4668-BE54-9A1E7A4F7556}") = "Discount.API", "Services\Discount\Discount.API\Discount.API.csproj", "{5751CE86-D846-4A99-A5AA-803A03A99BB7}"
EndProject
Project("{2150E333-8FDC-42A3-9474-1A3956D46DE8}") = "Ordering", "Ordering", "{75776258-E9A7-4BBE-9B25-1C9B1A6D74F2}"
EndProject
Project("{FAE04EC0-301F-11D3-BF4B-00C04F79EFBC}") = "Ordering.API", "Services\Ordering\Ordering.API\Ordering.API.csproj", "{A3D2E295-C253-421A-9808-C01B9BF5A575}"
EndProject
Project("{FAE04EC0-301F-11D3-BF4B-00C04F79EFBC}") = "Ordering.Domain", "Services\Ordering\Ordering.Domain\Ordering.Domain.csproj", "{789E550D-64E7-4DFD-8BA5-7444C99EE1ED}"
EndProject
Project("{FAE04EC0-301F-11D3-BF4B-00C04F79EFBC}") = "Ordering.Application", "Services\Ordering\Ordering.Application\Ordering.Application.csproj", "{DA2865B2-EFD0-4F77-B6CB-A0EF005EA932}"
EndProject
Project("{FAE04EC0-301F-11D3-BF4B-00C04F79EFBC}") = "Ordering.Infrastructure", "Services\Ordering\Ordering.Infrastructure\Ordering.Infrastructure.csproj", "{51051A1E-EDFE-4989-BD9D-1399961C477E}"
EndProject
Global
	GlobalSection(SolutionConfigurationPlatforms) = preSolution
		Debug|Any CPU = Debug|Any CPU
		Release|Any CPU = Release|Any CPU
	EndGlobalSection
	GlobalSection(ProjectConfigurationPlatforms) = postSolution
		{DC6C0510-674A-471B-ADA4-55D31EB78294}.Debug|Any CPU.ActiveCfg = Debug|Any CPU
		{DC6C0510-674A-471B-ADA4-55D31EB78294}.Debug|Any CPU.Build.0 = Debug|Any CPU
		{DC6C0510-674A-471B-ADA4-55D31EB78294}.Release|Any CPU.ActiveCfg = Release|Any CPU
		{DC6C0510-674A-471B-ADA4-55D31EB78294}.Release|Any CPU.Build.0 = Release|Any CPU
		{10E42CD5-2422-40ED-BF83-5D77AE2EA2BC}.Debug|Any CPU.ActiveCfg = Debug|Any CPU
		{10E42CD5-2422-40ED-BF83-5D77AE2EA2BC}.Debug|Any CPU.Build.0 = Debug|Any CPU
		{10E42CD5-2422-40ED-BF83-5D77AE2EA2BC}.Release|Any CPU.ActiveCfg = Release|Any CPU
		{10E42CD5-2422-40ED-BF83-5D77AE2EA2BC}.Release|Any CPU.Build.0 = Release|Any CPU
		{13CC34B5-CAD0-4047-A0AF-6240E61A34FE}.Debug|Any CPU.ActiveCfg = Debug|Any CPU
		{13CC34B5-CAD0-4047-A0AF-6240E61A34FE}.Debug|Any CPU.Build.0 = Debug|Any CPU
		{13CC34B5-CAD0-4047-A0AF-6240E61A34FE}.Release|Any CPU.ActiveCfg = Release|Any CPU
		{13CC34B5-CAD0-4047-A0AF-6240E61A34FE}.Release|Any CPU.Build.0 = Release|Any CPU
		{5751CE86-D846-4A99-A5AA-803A03A99BB7}.Debug|Any CPU.ActiveCfg = Debug|Any CPU
		{5751CE86-D846-4A99-A5AA-803A03A99BB7}.Debug|Any CPU.Build.0 = Debug|Any CPU
		{5751CE86-D846-4A99-A5AA-803A03A99BB7}.Release|Any CPU.ActiveCfg = Release|Any CPU
		{5751CE86-D846-4A99-A5AA-803A03A99BB7}.Release|Any CPU.Build.0 = Release|Any CPU
		{A3D2E295-C253-421A-9808-C01B9BF5A575}.Debug|Any CPU.ActiveCfg = Debug|Any CPU
		{A3D2E295-C253-421A-9808-C01B9BF5A575}.Debug|Any CPU.Build.0 = Debug|Any CPU
		{A3D2E295-C253-421A-9808-C01B9BF5A575}.Release|Any CPU.ActiveCfg = Release|Any CPU
		{A3D2E295-C253-421A-9808-C01B9BF5A575}.Release|Any CPU.Build.0 = Release|Any CPU
		{789E550D-64E7-4DFD-8BA5-7444C99EE1ED}.Debug|Any CPU.ActiveCfg = Debug|Any CPU
		{789E550D-64E7-4DFD-8BA5-7444C99EE1ED}.Debug|Any CPU.Build.0 = Debug|Any CPU
		{789E550D-64E7-4DFD-8BA5-7444C99EE1ED}.Release|Any CPU.ActiveCfg = Release|Any CPU
		{789E550D-64E7-4DFD-8BA5-7444C99EE1ED}.Release|Any CPU.Build.0 = Release|Any CPU
		{DA2865B2-EFD0-4F77-B6CB-A0EF005EA932}.Debug|Any CPU.ActiveCfg = Debug|Any CPU
		{DA2865B2-EFD0-4F77-B6CB-A0EF005EA932}.Debug|Any CPU.Build.0 = Debug|Any CPU
		{DA2865B2-EFD0-4F77-B6CB-A0EF005EA932}.Release|Any CPU.ActiveCfg = Release|Any CPU
		{DA2865B2-EFD0-4F77-B6CB-A0EF005EA932}.Release|Any CPU.Build.0 = Release|Any CPU
		{51051A1E-EDFE-4989-BD9D-1399961C477E}.Debug|Any CPU.ActiveCfg = Debug|Any CPU
		{51051A1E-EDFE-4989-BD9D-1399961C477E}.Debug|Any CPU.Build.0 = Debug|Any CPU
		{51051A1E-EDFE-4989-BD9D-1399961C477E}.Release|Any CPU.ActiveCfg = Release|Any CPU
		{51051A1E-EDFE-4989-BD9D-1399961C477E}.Release|Any CPU.Build.0 = Release|Any CPU
	EndGlobalSection
	GlobalSection(SolutionProperties) = preSolution
		HideSolutionNode = FALSE
	EndGlobalSection
	GlobalSection(NestedProjects) = preSolution
		{35EFB181-0083-4D81-8A0C-DE71092F2CA4} = {81E45E97-14E0-4A67-BB5E-B178D368D659}
		{DC6C0510-674A-471B-ADA4-55D31EB78294} = {35EFB181-0083-4D81-8A0C-DE71092F2CA4}
		{FE4F7CDA-02A9-43D2-B4BE-6C9D3A18318B} = {81E45E97-14E0-4A67-BB5E-B178D368D659}
		{13CC34B5-CAD0-4047-A0AF-6240E61A34FE} = {FE4F7CDA-02A9-43D2-B4BE-6C9D3A18318B}
		{F2A745BD-1E77-40D1-A778-A1BB6954014B} = {81E45E97-14E0-4A67-BB5E-B178D368D659}
		{5751CE86-D846-4A99-A5AA-803A03A99BB7} = {F2A745BD-1E77-40D1-A778-A1BB6954014B}
		{75776258-E9A7-4BBE-9B25-1C9B1A6D74F2} = {81E45E97-14E0-4A67-BB5E-B178D368D659}
		{A3D2E295-C253-421A-9808-C01B9BF5A575} = {75776258-E9A7-4BBE-9B25-1C9B1A6D74F2}
		{789E550D-64E7-4DFD-8BA5-7444C99EE1ED} = {75776258-E9A7-4BBE-9B25-1C9B1A6D74F2}
		{DA2865B2-EFD0-4F77-B6CB-A0EF005EA932} = {75776258-E9A7-4BBE-9B25-1C9B1A6D74F2}
		{51051A1E-EDFE-4989-BD9D-1399961C477E} = {75776258-E9A7-4BBE-9B25-1C9B1A6D74F2}
	EndGlobalSection
	GlobalSection(ExtensibilityGlobals) = postSolution
		SolutionGuid = {D21DC3C9-673E-451D-8AB5-B72879EBE5CE}
	EndGlobalSection
EndGlobal
